
Microsoft Visual Studio Solution File, Format Version 12.00
# Visual Studio Version 17
VisualStudioVersion = 17.3.32922.545
MinimumVisualStudioVersion = 10.0.40219.1
Project("{FAE04EC0-301F-11D3-BF4B-00C04F79EFBC}") = "myTasker", "myTasker.csproj", "{6FFEB11F-7482-4F20-A1E9-BE73AE412F8C}"
EndProject
Project("{FAE04EC0-301F-11D3-BF4B-00C04F79EFBC}") = "Domain", "..\Domain\Domain.csproj", "{CECAD203-7531-4C00-8124-07D1D46AB1C3}"
EndProject
Global
	GlobalSection(SolutionConfigurationPlatforms) = preSolution
		Debug|Any CPU = Debug|Any CPU
		Release|Any CPU = Release|Any CPU
	EndGlobalSection
	GlobalSection(ProjectConfigurationPlatforms) = postSolution
		{6FFEB11F-7482-4F20-A1E9-BE73AE412F8C}.Debug|Any CPU.ActiveCfg = Debug|Any CPU
		{6FFEB11F-7482-4F20-A1E9-BE73AE412F8C}.Debug|Any CPU.Build.0 = Debug|Any CPU
		{6FFEB11F-7482-4F20-A1E9-BE73AE412F8C}.Release|Any CPU.ActiveCfg = Release|Any CPU
		{6FFEB11F-7482-4F20-A1E9-BE73AE412F8C}.Release|Any CPU.Build.0 = Release|Any CPU
		{CECAD203-7531-4C00-8124-07D1D46AB1C3}.Debug|Any CPU.ActiveCfg = Debug|Any CPU
		{CECAD203-7531-4C00-8124-07D1D46AB1C3}.Debug|Any CPU.Build.0 = Debug|Any CPU
		{CECAD203-7531-4C00-8124-07D1D46AB1C3}.Release|Any CPU.ActiveCfg = Release|Any CPU
		{CECAD203-7531-4C00-8124-07D1D46AB1C3}.Release|Any CPU.Build.0 = Release|Any CPU
	EndGlobalSection
	GlobalSection(SolutionProperties) = preSolution
		HideSolutionNode = FALSE
	EndGlobalSection
	GlobalSection(ExtensibilityGlobals) = postSolution
		SolutionGuid = {6CDB8276-7877-4823-82E6-AC02F6557708}
	EndGlobalSection
EndGlobal
